
Microsoft Visual Studio Solution File, Format Version 12.00
# Visual Studio 15
VisualStudioVersion = 15.0.28307.136
MinimumVisualStudioVersion = 10.0.40219.1
Project("{9A19103F-16F7-4668-BE54-9A1E7A4F7556}") = "TestWebSite", "TestWebSite\TestWebSite.csproj", "{EEF38D06-7500-4278-830E-4B33F1B64391}"
EndProject
Project("{FAE04EC0-301F-11D3-BF4B-00C04F79EFBC}") = "TestAutomationFramework", "TestAutomationFramework\TestAutomationFramework.csproj", "{6D05B89F-967D-47DA-9F2C-A5411D465234}"
EndProject
Project("{FAE04EC0-301F-11D3-BF4B-00C04F79EFBC}") = "UnitTests", "UnitTests\UnitTests.csproj", "{538176B4-DB5C-486E-9C7D-65F36C4D0721}"
EndProject
Global
	GlobalSection(SolutionConfigurationPlatforms) = preSolution
		Debug|Any CPU = Debug|Any CPU
		Release|Any CPU = Release|Any CPU
	EndGlobalSection
	GlobalSection(ProjectConfigurationPlatforms) = postSolution
		{EEF38D06-7500-4278-830E-4B33F1B64391}.Debug|Any CPU.ActiveCfg = Debug|Any CPU
		{EEF38D06-7500-4278-830E-4B33F1B64391}.Debug|Any CPU.Build.0 = Debug|Any CPU
		{EEF38D06-7500-4278-830E-4B33F1B64391}.Release|Any CPU.ActiveCfg = Release|Any CPU
		{EEF38D06-7500-4278-830E-4B33F1B64391}.Release|Any CPU.Build.0 = Release|Any CPU
		{6D05B89F-967D-47DA-9F2C-A5411D465234}.Debug|Any CPU.ActiveCfg = Debug|Any CPU
		{6D05B89F-967D-47DA-9F2C-A5411D465234}.Debug|Any CPU.Build.0 = Debug|Any CPU
		{6D05B89F-967D-47DA-9F2C-A5411D465234}.Release|Any CPU.ActiveCfg = Release|Any CPU
		{6D05B89F-967D-47DA-9F2C-A5411D465234}.Release|Any CPU.Build.0 = Release|Any CPU
		{538176B4-DB5C-486E-9C7D-65F36C4D0721}.Debug|Any CPU.ActiveCfg = Debug|Any CPU
		{538176B4-DB5C-486E-9C7D-65F36C4D0721}.Debug|Any CPU.Build.0 = Debug|Any CPU
		{538176B4-DB5C-486E-9C7D-65F36C4D0721}.Release|Any CPU.ActiveCfg = Release|Any CPU
		{538176B4-DB5C-486E-9C7D-65F36C4D0721}.Release|Any CPU.Build.0 = Release|Any CPU
	EndGlobalSection
	GlobalSection(SolutionProperties) = preSolution
		HideSolutionNode = FALSE
	EndGlobalSection
	GlobalSection(ExtensibilityGlobals) = postSolution
		SolutionGuid = {D69172EE-1685-478B-8F0B-91F374065FEA}
	EndGlobalSection
EndGlobal
